// !$*UTF8*$!
{
	archiveVersion = 1;
	classes = {
	};
	objectVersion = 55;
	objects = {

/* Begin PBXBuildFile section */
		FA374F4D28A970F900232219 /* AppDelegate.swift in Sources */ = {isa = PBXBuildFile; fileRef = FA374F4C28A970F900232219 /* AppDelegate.swift */; };
		FA374F4F28A970F900232219 /* SceneDelegate.swift in Sources */ = {isa = PBXBuildFile; fileRef = FA374F4E28A970F900232219 /* SceneDelegate.swift */; };
		FA374F5428A970F900232219 /* Main.storyboard in Resources */ = {isa = PBXBuildFile; fileRef = FA374F5228A970F900232219 /* Main.storyboard */; };
		FA374F5628A970FA00232219 /* Assets.xcassets in Resources */ = {isa = PBXBuildFile; fileRef = FA374F5528A970FA00232219 /* Assets.xcassets */; };
		FA374F5928A970FA00232219 /* LaunchScreen.storyboard in Resources */ = {isa = PBXBuildFile; fileRef = FA374F5728A970FA00232219 /* LaunchScreen.storyboard */; };
		FA374F6528A9722A00232219 /* RestaurantTableViewController.swift in Sources */ = {isa = PBXBuildFile; fileRef = FA374F6428A9722A00232219 /* RestaurantTableViewController.swift */; };
		FA374F6728A9B97600232219 /* Restaurant.swift in Sources */ = {isa = PBXBuildFile; fileRef = FA374F6628A9B97600232219 /* Restaurant.swift */; };
		FA374F6928B4F1D900232219 /* RestaurantTableViewCell.swift in Sources */ = {isa = PBXBuildFile; fileRef = FA374F6828B4F1D900232219 /* RestaurantTableViewCell.swift */; };
		FA374F6D28B527EE00232219 /* Constants.swift in Sources */ = {isa = PBXBuildFile; fileRef = FA374F6C28B527EE00232219 /* Constants.swift */; };
/* End PBXBuildFile section */

/* Begin PBXFileReference section */
		FA374F4928A970F900232219 /* FoodPin3.app */ = {isa = PBXFileReference; explicitFileType = wrapper.application; includeInIndex = 0; path = FoodPin3.app; sourceTree = BUILT_PRODUCTS_DIR; };
		FA374F4C28A970F900232219 /* AppDelegate.swift */ = {isa = PBXFileReference; lastKnownFileType = sourcecode.swift; path = AppDelegate.swift; sourceTree = "<group>"; };
		FA374F4E28A970F900232219 /* SceneDelegate.swift */ = {isa = PBXFileReference; lastKnownFileType = sourcecode.swift; path = SceneDelegate.swift; sourceTree = "<group>"; };
		FA374F5328A970F900232219 /* Base */ = {isa = PBXFileReference; lastKnownFileType = file.storyboard; name = Base; path = Base.lproj/Main.storyboard; sourceTree = "<group>"; };
		FA374F5528A970FA00232219 /* Assets.xcassets */ = {isa = PBXFileReference; lastKnownFileType = folder.assetcatalog; path = Assets.xcassets; sourceTree = "<group>"; };
		FA374F5828A970FA00232219 /* Base */ = {isa = PBXFileReference; lastKnownFileType = file.storyboard; name = Base; path = Base.lproj/LaunchScreen.storyboard; sourceTree = "<group>"; };
		FA374F5A28A970FA00232219 /* Info.plist */ = {isa = PBXFileReference; lastKnownFileType = text.plist.xml; path = Info.plist; sourceTree = "<group>"; };
		FA374F6428A9722A00232219 /* RestaurantTableViewController.swift */ = {isa = PBXFileReference; lastKnownFileType = sourcecode.swift; path = RestaurantTableViewController.swift; sourceTree = "<group>"; };
		FA374F6628A9B97600232219 /* Restaurant.swift */ = {isa = PBXFileReference; lastKnownFileType = sourcecode.swift; path = Restaurant.swift; sourceTree = "<group>"; };
		FA374F6828B4F1D900232219 /* RestaurantTableViewCell.swift */ = {isa = PBXFileReference; lastKnownFileType = sourcecode.swift; path = RestaurantTableViewCell.swift; sourceTree = "<group>"; };
		FA374F6C28B527EE00232219 /* Constants.swift */ = {isa = PBXFileReference; lastKnownFileType = sourcecode.swift; path = Constants.swift; sourceTree = "<group>"; };
/* End PBXFileReference section */

/* Begin PBXFrameworksBuildPhase section */
		FA374F4628A970F900232219 /* Frameworks */ = {
			isa = PBXFrameworksBuildPhase;
			buildActionMask = 2147483647;
			files = (
			);
			runOnlyForDeploymentPostprocessing = 0;
		};
/* End PBXFrameworksBuildPhase section */

/* Begin PBXGroup section */
		FA374F4028A970F900232219 = {
			isa = PBXGroup;
			children = (
				FA374F4B28A970F900232219 /* FoodPin3 */,
				FA374F4A28A970F900232219 /* Products */,
			);
			sourceTree = "<group>";
		};
		FA374F4A28A970F900232219 /* Products */ = {
			isa = PBXGroup;
			children = (
				FA374F4928A970F900232219 /* FoodPin3.app */,
			);
			name = Products;
			sourceTree = "<group>";
		};
		FA374F4B28A970F900232219 /* FoodPin3 */ = {
			isa = PBXGroup;
			children = (
				FA374F4C28A970F900232219 /* AppDelegate.swift */,
				FA374F4E28A970F900232219 /* SceneDelegate.swift */,
				FA374F6128A971DD00232219 /* Model */,
				FA374F6228A971E300232219 /* View */,
				FA374F6328A971F300232219 /* Controller */,
				FA374F6028A971BC00232219 /* Storyboard */,
				FA374F6C28B527EE00232219 /* Constants.swift */,
				FA374F5528A970FA00232219 /* Assets.xcassets */,
				FA374F5A28A970FA00232219 /* Info.plist */,
			);
			path = FoodPin3;
			sourceTree = "<group>";
		};
		FA374F6028A971BC00232219 /* Storyboard */ = {
			isa = PBXGroup;
			children = (
				FA374F5228A970F900232219 /* Main.storyboard */,
				FA374F5728A970FA00232219 /* LaunchScreen.storyboard */,
			);
			path = Storyboard;
			sourceTree = "<group>";
		};
		FA374F6128A971DD00232219 /* Model */ = {
			isa = PBXGroup;
			children = (
				FA374F6628A9B97600232219 /* Restaurant.swift */,
			);
			path = Model;
			sourceTree = "<group>";
		};
		FA374F6228A971E300232219 /* View */ = {
			isa = PBXGroup;
			children = (
				FA374F6828B4F1D900232219 /* RestaurantTableViewCell.swift */,
			);
			path = View;
			sourceTree = "<group>";
		};
		FA374F6328A971F300232219 /* Controller */ = {
			isa = PBXGroup;
			children = (
				FA374F6428A9722A00232219 /* RestaurantTableViewController.swift */,
			);
			path = Controller;
			sourceTree = "<group>";
		};
/* End PBXGroup section */

/* Begin PBXNativeTarget section */
		FA374F4828A970F900232219 /* FoodPin3 */ = {
			isa = PBXNativeTarget;
			buildConfigurationList = FA374F5D28A970FA00232219 /* Build configuration list for PBXNativeTarget "FoodPin3" */;
			buildPhases = (
				FA374F4528A970F900232219 /* Sources */,
				FA374F4628A970F900232219 /* Frameworks */,
				FA374F4728A970F900232219 /* Resources */,
			);
			buildRules = (
			);
			dependencies = (
			);
			name = FoodPin3;
			productName = FoodPin3;
			productReference = FA374F4928A970F900232219 /* FoodPin3.app */;
			productType = "com.apple.product-type.application";
		};
/* End PBXNativeTarget section */

/* Begin PBXProject section */
		FA374F4128A970F900232219 /* Project object */ = {
			isa = PBXProject;
			attributes = {
				BuildIndependentTargetsInParallel = 1;
				LastSwiftUpdateCheck = 1340;
				LastUpgradeCheck = 1340;
				TargetAttributes = {
					FA374F4828A970F900232219 = {
						CreatedOnToolsVersion = 13.4.1;
					};
				};
			};
			buildConfigurationList = FA374F4428A970F900232219 /* Build configuration list for PBXProject "FoodPin3" */;
			compatibilityVersion = "Xcode 13.0";
			developmentRegion = en;
			hasScannedForEncodings = 0;
			knownRegions = (
				en,
				Base,
			);
			mainGroup = FA374F4028A970F900232219;
			productRefGroup = FA374F4A28A970F900232219 /* Products */;
			projectDirPath = "";
			projectRoot = "";
			targets = (
				FA374F4828A970F900232219 /* FoodPin3 */,
			);
		};
/* End PBXProject section */

/* Begin PBXResourcesBuildPhase section */
		FA374F4728A970F900232219 /* Resources */ = {
			isa = PBXResourcesBuildPhase;
			buildActionMask = 2147483647;
			files = (
				FA374F5928A970FA00232219 /* LaunchScreen.storyboard in Resources */,
				FA374F5628A970FA00232219 /* Assets.xcassets in Resources */,
				FA374F5428A970F900232219 /* Main.storyboard in Resources */,
			);
			runOnlyForDeploymentPostprocessing = 0;
		};
/* End PBXResourcesBuildPhase section */

/* Begin PBXSourcesBuildPhase section */
		FA374F4528A970F900232219 /* Sources */ = {
			isa = PBXSourcesBuildPhase;
			buildActionMask = 2147483647;
			files = (
				FA374F6928B4F1D900232219 /* RestaurantTableViewCell.swift in Sources */,
				FA374F6728A9B97600232219 /* Restaurant.swift in Sources */,
				FA374F4D28A970F900232219 /* AppDelegate.swift in Sources */,
				FA374F6528A9722A00232219 /* RestaurantTableViewController.swift in Sources */,
				FA374F4F28A970F900232219 /* SceneDelegate.swift in Sources */,
				FA374F6D28B527EE00232219 /* Constants.swift in Sources */,
			);
			runOnlyForDeploymentPostprocessing = 0;
		};
/* End PBXSourcesBuildPhase section */

/* Begin PBXVariantGroup section */
		FA374F5228A970F900232219 /* Main.storyboard */ = {
			isa = PBXVariantGroup;
			children = (
				FA374F5328A970F900232219 /* Base */,
			);
			name = Main.storyboard;
			sourceTree = "<group>";
		};
		FA374F5728A970FA00232219 /* LaunchScreen.storyboard */ = {
			isa = PBXVariantGroup;
			children = (
				FA374F5828A970FA00232219 /* Base */,
			);
			name = LaunchScreen.storyboard;
			sourceTree = "<group>";
		};
/* End PBXVariantGroup section */

/* Begin XCBuildConfiguration section */
		FA374F5B28A970FA00232219 /* Debug */ = {
			isa = XCBuildConfiguration;
			buildSettings = {
				ALWAYS_SEARCH_USER_PATHS = NO;
				CLANG_ANALYZER_NONNULL = YES;
				CLANG_ANALYZER_NUMBER_OBJECT_CONVERSION = YES_AGGRESSIVE;
				CLANG_CXX_LANGUAGE_STANDARD = "gnu++17";
				CLANG_ENABLE_MODULES = YES;
				CLANG_ENABLE_OBJC_ARC = YES;
				CLANG_ENABLE_OBJC_WEAK = YES;
				CLANG_WARN_BLOCK_CAPTURE_AUTORELEASING = YES;
				CLANG_WARN_BOOL_CONVERSION = YES;
				CLANG_WARN_COMMA = YES;
				CLANG_WARN_CONSTANT_CONVERSION = YES;
				CLANG_WARN_DEPRECATED_OBJC_IMPLEMENTATIONS = YES;
				CLANG_WARN_DIRECT_OBJC_ISA_USAGE = YES_ERROR;
				CLANG_WARN_DOCUMENTATION_COMMENTS = YES;
				CLANG_WARN_EMPTY_BODY = YES;
				CLANG_WARN_ENUM_CONVERSION = YES;
				CLANG_WARN_INFINITE_RECURSION = YES;
				CLANG_WARN_INT_CONVERSION = YES;
				CLANG_WARN_NON_LITERAL_NULL_CONVERSION = YES;
				CLANG_WARN_OBJC_IMPLICIT_RETAIN_SELF = YES;
				CLANG_WARN_OBJC_LITERAL_CONVERSION = YES;
				CLANG_WARN_OBJC_ROOT_CLASS = YES_ERROR;
				CLANG_WARN_QUOTED_INCLUDE_IN_FRAMEWORK_HEADER = YES;
				CLANG_WARN_RANGE_LOOP_ANALYSIS = YES;
				CLANG_WARN_STRICT_PROTOTYPES = YES;
				CLANG_WARN_SUSPICIOUS_MOVE = YES;
				CLANG_WARN_UNGUARDED_AVAILABILITY = YES_AGGRESSIVE;
				CLANG_WARN_UNREACHABLE_CODE = YES;
				CLANG_WARN__DUPLICATE_METHOD_MATCH = YES;
				COPY_PHASE_STRIP = NO;
				DEBUG_INFORMATION_FORMAT = dwarf;
				ENABLE_STRICT_OBJC_MSGSEND = YES;
				ENABLE_TESTABILITY = YES;
				GCC_C_LANGUAGE_STANDARD = gnu11;
				GCC_DYNAMIC_NO_PIC = NO;
				GCC_NO_COMMON_BLOCKS = YES;
				GCC_OPTIMIZATION_LEVEL = 0;
				GCC_PREPROCESSOR_DEFINITIONS = (
					"DEBUG=1",
					"$(inherited)",
				);
				GCC_WARN_64_TO_32_BIT_CONVERSION = YES;
				GCC_WARN_ABOUT_RETURN_TYPE = YES_ERROR;
				GCC_WARN_UNDECLARED_SELECTOR = YES;
				GCC_WARN_UNINITIALIZED_AUTOS = YES_AGGRESSIVE;
				GCC_WARN_UNUSED_FUNCTION = YES;
				GCC_WARN_UNUSED_VARIABLE = YES;
				IPHONEOS_DEPLOYMENT_TARGET = 15.5;
				MTL_ENABLE_DEBUG_INFO = INCLUDE_SOURCE;
				MTL_FAST_MATH = YES;
				ONLY_ACTIVE_ARCH = YES;
				SDKROOT = iphoneos;
				SWIFT_ACTIVE_COMPILATION_CONDITIONS = DEBUG;
				SWIFT_OPTIMIZATION_LEVEL = "-Onone";
			};
			name = Debug;
		};
		FA374F5C28A970FA00232219 /* Release */ = {
			isa = XCBuildConfiguration;
			buildSettings = {
				ALWAYS_SEARCH_USER_PATHS = NO;
				CLANG_ANALYZER_NONNULL = YES;
				CLANG_ANALYZER_NUMBER_OBJECT_CONVERSION = YES_AGGRESSIVE;
				CLANG_CXX_LANGUAGE_STANDARD = "gnu++17";
				CLANG_ENABLE_MODULES = YES;
				CLANG_ENABLE_OBJC_ARC = YES;
				CLANG_ENABLE_OBJC_WEAK = YES;
				CLANG_WARN_BLOCK_CAPTURE_AUTORELEASING = YES;
				CLANG_WARN_BOOL_CONVERSION = YES;
				CLANG_WARN_COMMA = YES;
				CLANG_WARN_CONSTANT_CONVERSION = YES;
				CLANG_WARN_DEPRECATED_OBJC_IMPLEMENTATIONS = YES;
				CLANG_WARN_DIRECT_OBJC_ISA_USAGE = YES_ERROR;
				CLANG_WARN_DOCUMENTATION_COMMENTS = YES;
				CLANG_WARN_EMPTY_BODY = YES;
				CLANG_WARN_ENUM_CONVERSION = YES;
				CLANG_WARN_INFINITE_RECURSION = YES;
				CLANG_WARN_INT_CONVERSION = YES;
				CLANG_WARN_NON_LITERAL_NULL_CONVERSION = YES;
				CLANG_WARN_OBJC_IMPLICIT_RETAIN_SELF = YES;
				CLANG_WARN_OBJC_LITERAL_CONVERSION = YES;
				CLANG_WARN_OBJC_ROOT_CLASS = YES_ERROR;
				CLANG_WARN_QUOTED_INCLUDE_IN_FRAMEWORK_HEADER = YES;
				CLANG_WARN_RANGE_LOOP_ANALYSIS = YES;
				CLANG_WARN_STRICT_PROTOTYPES = YES;
				CLANG_WARN_SUSPICIOUS_MOVE = YES;
				CLANG_WARN_UNGUARDED_AVAILABILITY = YES_AGGRESSIVE;
				CLANG_WARN_UNREACHABLE_CODE = YES;
				CLANG_WARN__DUPLICATE_METHOD_MATCH = YES;
				COPY_PHASE_STRIP = NO;
				DEBUG_INFORMATION_FORMAT = "dwarf-with-dsym";
				ENABLE_NS_ASSERTIONS = NO;
				ENABLE_STRICT_OBJC_MSGSEND = YES;
				GCC_C_LANGUAGE_STANDARD = gnu11;
				GCC_NO_COMMON_BLOCKS = YES;
				GCC_WARN_64_TO_32_BIT_CONVERSION = YES;
				GCC_WARN_ABOUT_RETURN_TYPE = YES_ERROR;
				GCC_WARN_UNDECLARED_SELECTOR = YES;
				GCC_WARN_UNINITIALIZED_AUTOS = YES_AGGRESSIVE;
				GCC_WARN_UNUSED_FUNCTION = YES;
				GCC_WARN_UNUSED_VARIABLE = YES;
				IPHONEOS_DEPLOYMENT_TARGET = 15.5;
				MTL_ENABLE_DEBUG_INFO = NO;
				MTL_FAST_MATH = YES;
				SDKROOT = iphoneos;
				SWIFT_COMPILATION_MODE = wholemodule;
				SWIFT_OPTIMIZATION_LEVEL = "-O";
				VALIDATE_PRODUCT = YES;
			};
			name = Release;
		};
		FA374F5E28A970FA00232219 /* Debug */ = {
			isa = XCBuildConfiguration;
			buildSettings = {
				ASSETCATALOG_COMPILER_APPICON_NAME = AppIcon;
				ASSETCATALOG_COMPILER_GLOBAL_ACCENT_COLOR_NAME = AccentColor;
				CODE_SIGN_STYLE = Automatic;
				CURRENT_PROJECT_VERSION = 1;
				DEVELOPMENT_TEAM = Q6D3DZE2WM;
				GENERATE_INFOPLIST_FILE = YES;
				INFOPLIST_FILE = FoodPin3/Info.plist;
				INFOPLIST_KEY_UIApplicationSupportsIndirectInputEvents = YES;
				INFOPLIST_KEY_UILaunchStoryboardName = LaunchScreen;
				INFOPLIST_KEY_UIMainStoryboardFile = Main;
				INFOPLIST_KEY_UISupportedInterfaceOrientations_iPad = "UIInterfaceOrientationPortrait UIInterfaceOrientationPortraitUpsideDown UIInterfaceOrientationLandscapeLeft UIInterfaceOrientationLandscapeRight";
				INFOPLIST_KEY_UISupportedInterfaceOrientations_iPhone = "UIInterfaceOrientationPortrait UIInterfaceOrientationLandscapeLeft UIInterfaceOrientationLandscapeRight";
				LD_RUNPATH_SEARCH_PATHS = (
					"$(inherited)",
					"@executable_path/Frameworks",
				);
				MARKETING_VERSION = 1.0;
				PRODUCT_BUNDLE_IDENTIFIER = "murad-kv.FoodPin3";
				PRODUCT_NAME = "$(TARGET_NAME)";
				SWIFT_EMIT_LOC_STRINGS = YES;
				SWIFT_VERSION = 5.0;
				TARGETED_DEVICE_FAMILY = "1,2";
			};
			name = Debug;
		};
		FA374F5F28A970FA00232219 /* Release */ = {
			isa = XCBuildConfiguration;
			buildSettings = {
				ASSETCATALOG_COMPILER_APPICON_NAME = AppIcon;
				ASSETCATALOG_COMPILER_GLOBAL_ACCENT_COLOR_NAME = AccentColor;
				CODE_SIGN_STYLE = Automatic;
				CURRENT_PROJECT_VERSION = 1;
				DEVELOPMENT_TEAM = Q6D3DZE2WM;
				GENERATE_INFOPLIST_FILE = YES;
				INFOPLIST_FILE = FoodPin3/Info.plist;
				INFOPLIST_KEY_UIApplicationSupportsIndirectInputEvents = YES;
				INFOPLIST_KEY_UILaunchStoryboardName = LaunchScreen;
				INFOPLIST_KEY_UIMainStoryboardFile = Main;
				INFOPLIST_KEY_UISupportedInterfaceOrientations_iPad = "UIInterfaceOrientationPortrait UIInterfaceOrientationPortraitUpsideDown UIInterfaceOrientationLandscapeLeft UIInterfaceOrientationLandscapeRight";
				INFOPLIST_KEY_UISupportedInterfaceOrientations_iPhone = "UIInterfaceOrientationPortrait UIInterfaceOrientationLandscapeLeft UIInterfaceOrientationLandscapeRight";
				LD_RUNPATH_SEARCH_PATHS = (
					"$(inherited)",
					"@executable_path/Frameworks",
				);
				MARKETING_VERSION = 1.0;
				PRODUCT_BUNDLE_IDENTIFIER = "murad-kv.FoodPin3";
				PRODUCT_NAME = "$(TARGET_NAME)";
				SWIFT_EMIT_LOC_STRINGS = YES;
				SWIFT_VERSION = 5.0;
				TARGETED_DEVICE_FAMILY = "1,2";
			};
			name = Release;
		};
/* End XCBuildConfiguration section */

/* Begin XCConfigurationList section */
		FA374F4428A970F900232219 /* Build configuration list for PBXProject "FoodPin3" */ = {
			isa = XCConfigurationList;
			buildConfigurations = (
				FA374F5B28A970FA00232219 /* Debug */,
				FA374F5C28A970FA00232219 /* Release */,
			);
			defaultConfigurationIsVisible = 0;
			defaultConfigurationName = Release;
		};
		FA374F5D28A970FA00232219 /* Build configuration list for PBXNativeTarget "FoodPin3" */ = {
			isa = XCConfigurationList;
			buildConfigurations = (
				FA374F5E28A970FA00232219 /* Debug */,
				FA374F5F28A970FA00232219 /* Release */,
			);
			defaultConfigurationIsVisible = 0;
			defaultConfigurationName = Release;
		};
/* End XCConfigurationList section */
	};
	rootObject = FA374F4128A970F900232219 /* Project object */;
}
